
Microsoft Visual Studio Solution File, Format Version 12.00
# Visual Studio 15
VisualStudioVersion = 15.0.28307.168
MinimumVisualStudioVersion = 10.0.40219.1
Project("{2150E333-8FDC-42A3-9474-1A3956D46DE8}") = "SolutionItems", "SolutionItems", "{256099CD-629D-4634-95D7-222178777DD2}"
EndProject
Project("{2150E333-8FDC-42A3-9474-1A3956D46DE8}") = "Scripts", "Scripts", "{B54D3351-631C-4689-A916-2ACA60E3381E}"
EndProject
Project("{2150E333-8FDC-42A3-9474-1A3956D46DE8}") = "src", "src", "{FFCA9ED4-E00A-46D8-993F-5B67B597459B}"
EndProject
Project("{2150E333-8FDC-42A3-9474-1A3956D46DE8}") = "ServiceLayer", "ServiceLayer", "{A81D2044-7D22-451A-801E-9E045FC5A765}"
EndProject
Project("{2150E333-8FDC-42A3-9474-1A3956D46DE8}") = "test", "test", "{FD96A7A3-6D68-473E-97B0-D96B3ED7EACB}"
EndProject
Project("{2150E333-8FDC-42A3-9474-1A3956D46DE8}") = "ServiceLayer", "ServiceLayer", "{28DA5CED-24B7-4632-8CA0-8357BDD6FCC8}"
EndProject
Project("{2150E333-8FDC-42A3-9474-1A3956D46DE8}") = "FrontEndLayer", "FrontEndLayer", "{1142A56B-EFC5-4511-8DAD-82E0A71F63C5}"
EndProject
Project("{2150E333-8FDC-42A3-9474-1A3956D46DE8}") = "FrontEndLayer", "FrontEndLayer", "{001FC265-BE92-4937-8F67-AAB49B05F547}"
EndProject
Project("{9A19103F-16F7-4668-BE54-9A1E7A4F7556}") = "BMEvents.WebApi", "src\ServiceLayer\BMEvents.WebApi\BMEvents.WebApi.csproj", "{4FB9247F-B0D9-4886-9E4D-8AB3A0BECBD2}"
EndProject
Project("{9A19103F-16F7-4668-BE54-9A1E7A4F7556}") = "BMEvents.Services", "src\ServiceLayer\BMEvents.Services\BMEvents.Services.csproj", "{EED24F8E-E922-41F5-9F1D-F8B32863415F}"
EndProject
Project("{9A19103F-16F7-4668-BE54-9A1E7A4F7556}") = "BMEvents.Repositories", "src\ServiceLayer\BMEvents.Repositories\BMEvents.Repositories.csproj", "{FDD31634-DDF9-4D19-9936-241DB92DEBC3}"
EndProject
Project("{9A19103F-16F7-4668-BE54-9A1E7A4F7556}") = "BMEvents.Entities", "src\ServiceLayer\BMEvents.Entities\BMEvents.Entities.csproj", "{A6E539FC-BA73-4A5D-8637-ACCC91F740E4}"
EndProject
Project("{9A19103F-16F7-4668-BE54-9A1E7A4F7556}") = "BMEvents.WebApi.Tests", "test\ServiceLayer\BMEvents.WebApi.Tests\BMEvents.WebApi.Tests.csproj", "{F1169C07-FEF9-4E16-9DD8-033573EEA064}"
EndProject
Project("{9A19103F-16F7-4668-BE54-9A1E7A4F7556}") = "BMEvents.Dtos.Builder", "test\BMEvents.Dtos.Builder\BMEvents.Dtos.Builder.csproj", "{B339D318-F7EB-4415-AA6D-8A8820A2116F}"
EndProject
Project("{9A19103F-16F7-4668-BE54-9A1E7A4F7556}") = "BMEvents.Web", "src\FrontEndLayer\BMEvents.Web\BMEvents.Web.csproj", "{E7FF0860-94B7-43C0-AC1F-9C35810C88B4}"
EndProject
Project("{9A19103F-16F7-4668-BE54-9A1E7A4F7556}") = "BMEvents.Common", "src\BMEvents.Common\BMEvents.Common.csproj", "{2494BB92-6D70-4486-AF7E-08402B6C3FDC}"
EndProject
Project("{FAE04EC0-301F-11D3-BF4B-00C04F79EFBC}") = "BMEvents.Repositories.Tests", "test\ServiceLayer\BMEvents.Repositories.Tests\BMEvents.Repositories.Tests.csproj", "{D863BA0F-C645-46DA-A234-0C10753BAD04}"
EndProject
Project("{FAE04EC0-301F-11D3-BF4B-00C04F79EFBC}") = "BMEvents.Services.Tests", "test\ServiceLayer\BMEvents.Services.Tests\BMEvents.Services.Tests.csproj", "{2FD84A87-97EC-4068-8058-0C13B50F63F8}"
EndProject
Project("{FAE04EC0-301F-11D3-BF4B-00C04F79EFBC}") = "BMEvents.Dtos", "src\BMEvents.Dtos\BMEvents.Dtos.csproj", "{A2723CB4-DE50-404D-B21E-D59AED0340F2}"
EndProject
Global
	GlobalSection(SolutionConfigurationPlatforms) = preSolution
		Debug|Any CPU = Debug|Any CPU
		Release|Any CPU = Release|Any CPU
	EndGlobalSection
	GlobalSection(ProjectConfigurationPlatforms) = postSolution
		{4FB9247F-B0D9-4886-9E4D-8AB3A0BECBD2}.Debug|Any CPU.ActiveCfg = Debug|Any CPU
		{4FB9247F-B0D9-4886-9E4D-8AB3A0BECBD2}.Debug|Any CPU.Build.0 = Debug|Any CPU
		{4FB9247F-B0D9-4886-9E4D-8AB3A0BECBD2}.Release|Any CPU.ActiveCfg = Release|Any CPU
		{4FB9247F-B0D9-4886-9E4D-8AB3A0BECBD2}.Release|Any CPU.Build.0 = Release|Any CPU
		{EED24F8E-E922-41F5-9F1D-F8B32863415F}.Debug|Any CPU.ActiveCfg = Debug|Any CPU
		{EED24F8E-E922-41F5-9F1D-F8B32863415F}.Debug|Any CPU.Build.0 = Debug|Any CPU
		{EED24F8E-E922-41F5-9F1D-F8B32863415F}.Release|Any CPU.ActiveCfg = Release|Any CPU
		{EED24F8E-E922-41F5-9F1D-F8B32863415F}.Release|Any CPU.Build.0 = Release|Any CPU
		{FDD31634-DDF9-4D19-9936-241DB92DEBC3}.Debug|Any CPU.ActiveCfg = Debug|Any CPU
		{FDD31634-DDF9-4D19-9936-241DB92DEBC3}.Debug|Any CPU.Build.0 = Debug|Any CPU
		{FDD31634-DDF9-4D19-9936-241DB92DEBC3}.Release|Any CPU.ActiveCfg = Release|Any CPU
		{FDD31634-DDF9-4D19-9936-241DB92DEBC3}.Release|Any CPU.Build.0 = Release|Any CPU
		{A6E539FC-BA73-4A5D-8637-ACCC91F740E4}.Debug|Any CPU.ActiveCfg = Debug|Any CPU
		{A6E539FC-BA73-4A5D-8637-ACCC91F740E4}.Debug|Any CPU.Build.0 = Debug|Any CPU
		{A6E539FC-BA73-4A5D-8637-ACCC91F740E4}.Release|Any CPU.ActiveCfg = Release|Any CPU
		{A6E539FC-BA73-4A5D-8637-ACCC91F740E4}.Release|Any CPU.Build.0 = Release|Any CPU
		{F1169C07-FEF9-4E16-9DD8-033573EEA064}.Debug|Any CPU.ActiveCfg = Debug|Any CPU
		{F1169C07-FEF9-4E16-9DD8-033573EEA064}.Debug|Any CPU.Build.0 = Debug|Any CPU
		{F1169C07-FEF9-4E16-9DD8-033573EEA064}.Release|Any CPU.ActiveCfg = Release|Any CPU
		{F1169C07-FEF9-4E16-9DD8-033573EEA064}.Release|Any CPU.Build.0 = Release|Any CPU
		{B339D318-F7EB-4415-AA6D-8A8820A2116F}.Debug|Any CPU.ActiveCfg = Debug|Any CPU
		{B339D318-F7EB-4415-AA6D-8A8820A2116F}.Debug|Any CPU.Build.0 = Debug|Any CPU
		{B339D318-F7EB-4415-AA6D-8A8820A2116F}.Release|Any CPU.ActiveCfg = Release|Any CPU
		{B339D318-F7EB-4415-AA6D-8A8820A2116F}.Release|Any CPU.Build.0 = Release|Any CPU
		{E7FF0860-94B7-43C0-AC1F-9C35810C88B4}.Debug|Any CPU.ActiveCfg = Debug|Any CPU
		{E7FF0860-94B7-43C0-AC1F-9C35810C88B4}.Debug|Any CPU.Build.0 = Debug|Any CPU
		{E7FF0860-94B7-43C0-AC1F-9C35810C88B4}.Release|Any CPU.ActiveCfg = Release|Any CPU
		{E7FF0860-94B7-43C0-AC1F-9C35810C88B4}.Release|Any CPU.Build.0 = Release|Any CPU
		{2494BB92-6D70-4486-AF7E-08402B6C3FDC}.Debug|Any CPU.ActiveCfg = Debug|Any CPU
		{2494BB92-6D70-4486-AF7E-08402B6C3FDC}.Debug|Any CPU.Build.0 = Debug|Any CPU
		{2494BB92-6D70-4486-AF7E-08402B6C3FDC}.Release|Any CPU.ActiveCfg = Release|Any CPU
		{2494BB92-6D70-4486-AF7E-08402B6C3FDC}.Release|Any CPU.Build.0 = Release|Any CPU
		{D863BA0F-C645-46DA-A234-0C10753BAD04}.Debug|Any CPU.ActiveCfg = Debug|Any CPU
		{D863BA0F-C645-46DA-A234-0C10753BAD04}.Debug|Any CPU.Build.0 = Debug|Any CPU
		{D863BA0F-C645-46DA-A234-0C10753BAD04}.Release|Any CPU.ActiveCfg = Release|Any CPU
		{D863BA0F-C645-46DA-A234-0C10753BAD04}.Release|Any CPU.Build.0 = Release|Any CPU
		{2FD84A87-97EC-4068-8058-0C13B50F63F8}.Debug|Any CPU.ActiveCfg = Debug|Any CPU
		{2FD84A87-97EC-4068-8058-0C13B50F63F8}.Debug|Any CPU.Build.0 = Debug|Any CPU
		{2FD84A87-97EC-4068-8058-0C13B50F63F8}.Release|Any CPU.ActiveCfg = Release|Any CPU
		{2FD84A87-97EC-4068-8058-0C13B50F63F8}.Release|Any CPU.Build.0 = Release|Any CPU
		{A2723CB4-DE50-404D-B21E-D59AED0340F2}.Debug|Any CPU.ActiveCfg = Debug|Any CPU
		{A2723CB4-DE50-404D-B21E-D59AED0340F2}.Debug|Any CPU.Build.0 = Debug|Any CPU
		{A2723CB4-DE50-404D-B21E-D59AED0340F2}.Release|Any CPU.ActiveCfg = Release|Any CPU
		{A2723CB4-DE50-404D-B21E-D59AED0340F2}.Release|Any CPU.Build.0 = Release|Any CPU
	EndGlobalSection
	GlobalSection(SolutionProperties) = preSolution
		HideSolutionNode = FALSE
	EndGlobalSection
	GlobalSection(NestedProjects) = preSolution
		{B54D3351-631C-4689-A916-2ACA60E3381E} = {256099CD-629D-4634-95D7-222178777DD2}
		{A81D2044-7D22-451A-801E-9E045FC5A765} = {FFCA9ED4-E00A-46D8-993F-5B67B597459B}
		{28DA5CED-24B7-4632-8CA0-8357BDD6FCC8} = {FD96A7A3-6D68-473E-97B0-D96B3ED7EACB}
		{1142A56B-EFC5-4511-8DAD-82E0A71F63C5} = {FD96A7A3-6D68-473E-97B0-D96B3ED7EACB}
		{001FC265-BE92-4937-8F67-AAB49B05F547} = {FFCA9ED4-E00A-46D8-993F-5B67B597459B}
		{4FB9247F-B0D9-4886-9E4D-8AB3A0BECBD2} = {A81D2044-7D22-451A-801E-9E045FC5A765}
		{EED24F8E-E922-41F5-9F1D-F8B32863415F} = {A81D2044-7D22-451A-801E-9E045FC5A765}
		{FDD31634-DDF9-4D19-9936-241DB92DEBC3} = {A81D2044-7D22-451A-801E-9E045FC5A765}
		{A6E539FC-BA73-4A5D-8637-ACCC91F740E4} = {A81D2044-7D22-451A-801E-9E045FC5A765}
		{F1169C07-FEF9-4E16-9DD8-033573EEA064} = {28DA5CED-24B7-4632-8CA0-8357BDD6FCC8}
		{B339D318-F7EB-4415-AA6D-8A8820A2116F} = {FD96A7A3-6D68-473E-97B0-D96B3ED7EACB}
		{E7FF0860-94B7-43C0-AC1F-9C35810C88B4} = {001FC265-BE92-4937-8F67-AAB49B05F547}
		{2494BB92-6D70-4486-AF7E-08402B6C3FDC} = {FFCA9ED4-E00A-46D8-993F-5B67B597459B}
		{D863BA0F-C645-46DA-A234-0C10753BAD04} = {28DA5CED-24B7-4632-8CA0-8357BDD6FCC8}
		{2FD84A87-97EC-4068-8058-0C13B50F63F8} = {28DA5CED-24B7-4632-8CA0-8357BDD6FCC8}
		{A2723CB4-DE50-404D-B21E-D59AED0340F2} = {FFCA9ED4-E00A-46D8-993F-5B67B597459B}
	EndGlobalSection
	GlobalSection(ExtensibilityGlobals) = postSolution
		SolutionGuid = {9C6037FE-DB85-4944-89E2-0F7BFBC23256}
	EndGlobalSection
EndGlobal
